
Microsoft Visual Studio Solution File, Format Version 12.00
# Visual Studio 15
VisualStudioVersion = 15.0.28307.489
MinimumVisualStudioVersion = 10.0.40219.1
Project("{FAE04EC0-301F-11D3-BF4B-00C04F79EFBC}") = "Prestamos", "Prestamos\Prestamos.csproj", "{D59BEF9A-1FE0-4006-8CA9-265999F94AD2}"
EndProject
Project("{FAE04EC0-301F-11D3-BF4B-00C04F79EFBC}") = "BibliotecaClases", "BibliotecaClases\BibliotecaClases.csproj", "{A77C4EEE-A054-4CE1-A46D-C06D8425F697}"
EndProject
Global
	GlobalSection(SolutionConfigurationPlatforms) = preSolution
		Debug|Any CPU = Debug|Any CPU
		Release|Any CPU = Release|Any CPU
	EndGlobalSection
	GlobalSection(ProjectConfigurationPlatforms) = postSolution
		{D59BEF9A-1FE0-4006-8CA9-265999F94AD2}.Debug|Any CPU.ActiveCfg = Debug|Any CPU
		{D59BEF9A-1FE0-4006-8CA9-265999F94AD2}.Debug|Any CPU.Build.0 = Debug|Any CPU
		{D59BEF9A-1FE0-4006-8CA9-265999F94AD2}.Release|Any CPU.ActiveCfg = Release|Any CPU
		{D59BEF9A-1FE0-4006-8CA9-265999F94AD2}.Release|Any CPU.Build.0 = Release|Any CPU
		{A77C4EEE-A054-4CE1-A46D-C06D8425F697}.Debug|Any CPU.ActiveCfg = Debug|Any CPU
		{A77C4EEE-A054-4CE1-A46D-C06D8425F697}.Debug|Any CPU.Build.0 = Debug|Any CPU
		{A77C4EEE-A054-4CE1-A46D-C06D8425F697}.Release|Any CPU.ActiveCfg = Release|Any CPU
		{A77C4EEE-A054-4CE1-A46D-C06D8425F697}.Release|Any CPU.Build.0 = Release|Any CPU
	EndGlobalSection
	GlobalSection(SolutionProperties) = preSolution
		HideSolutionNode = FALSE
	EndGlobalSection
	GlobalSection(ExtensibilityGlobals) = postSolution
		SolutionGuid = {1C3AFE27-4E2A-4113-A955-D6D2A3D9F1B7}
	EndGlobalSection
EndGlobal
